
Microsoft Visual Studio Solution File, Format Version 12.00
# Visual Studio 14
VisualStudioVersion = 14.0.25420.1
MinimumVisualStudioVersion = 10.0.40219.1
Project("{8BB2217D-0F2D-49D1-97BC-3654ED321F3B}") = "jekyll", "jekyll.xproj", "{60489E01-1A69-406D-827B-21E47D266ACA}"
EndProject
Global
	GlobalSection(SolutionConfigurationPlatforms) = preSolution
		Debug|Any CPU = Debug|Any CPU
		Release|Any CPU = Release|Any CPU
	EndGlobalSection
	GlobalSection(ProjectConfigurationPlatforms) = postSolution
		{60489E01-1A69-406D-827B-21E47D266ACA}.Debug|Any CPU.ActiveCfg = Debug|Any CPU
		{60489E01-1A69-406D-827B-21E47D266ACA}.Debug|Any CPU.Build.0 = Debug|Any CPU
		{60489E01-1A69-406D-827B-21E47D266ACA}.Release|Any CPU.ActiveCfg = Release|Any CPU
		{60489E01-1A69-406D-827B-21E47D266ACA}.Release|Any CPU.Build.0 = Release|Any CPU
	EndGlobalSection
	GlobalSection(SolutionProperties) = preSolution
		HideSolutionNode = FALSE
	EndGlobalSection
EndGlobal
